
Microsoft Visual Studio Solution File, Format Version 12.00
# Visual Studio Version 17
VisualStudioVersion = 17.3.32819.101
MinimumVisualStudioVersion = 10.0.40219.1
Project("{FAE04EC0-301F-11D3-BF4B-00C04F79EFBC}") = "exersise 9", "exersise 9.csproj", "{B892B8B3-82D3-4574-9AD8-648C2067C624}"
EndProject
Global
	GlobalSection(SolutionConfigurationPlatforms) = preSolution
		Debug|Any CPU = Debug|Any CPU
		Release|Any CPU = Release|Any CPU
	EndGlobalSection
	GlobalSection(ProjectConfigurationPlatforms) = postSolution
		{B892B8B3-82D3-4574-9AD8-648C2067C624}.Debug|Any CPU.ActiveCfg = Debug|Any CPU
		{B892B8B3-82D3-4574-9AD8-648C2067C624}.Debug|Any CPU.Build.0 = Debug|Any CPU
		{B892B8B3-82D3-4574-9AD8-648C2067C624}.Release|Any CPU.ActiveCfg = Release|Any CPU
		{B892B8B3-82D3-4574-9AD8-648C2067C624}.Release|Any CPU.Build.0 = Release|Any CPU
	EndGlobalSection
	GlobalSection(SolutionProperties) = preSolution
		HideSolutionNode = FALSE
	EndGlobalSection
	GlobalSection(ExtensibilityGlobals) = postSolution
		SolutionGuid = {8045B8D5-7172-40A3-B8BD-217796FB8FC8}
	EndGlobalSection
EndGlobal
